
Microsoft Visual Studio Solution File, Format Version 12.00
# Visual Studio Version 17
VisualStudioVersion = 17.0.32014.148
MinimumVisualStudioVersion = 10.0.40219.1
Project("{2150E333-8FDC-42A3-9474-1A3956D46DE8}") = "src", "src", "{3EE248FB-D70F-4F63-9E46-1534CF6E28B3}"
EndProject
Project("{9A19103F-16F7-4668-BE54-9A1E7A4F7556}") = "Ivao.It.WhazzupData.SDK", "src\Ivao.It.WhazzupData.SDK\Ivao.It.WhazzupData.SDK.csproj", "{1E9537D9-E7D5-425A-85FB-86760363443D}"
EndProject
Project("{2150E333-8FDC-42A3-9474-1A3956D46DE8}") = "tests", "tests", "{F88F17D4-08C9-4AF7-BFFC-5069794A7B2F}"
EndProject
Project("{2150E333-8FDC-42A3-9474-1A3956D46DE8}") = "Solution Items", "Solution Items", "{AE42B376-9DB8-4B80-AFBE-0B4191E780C0}"
	ProjectSection(SolutionItems) = preProject
		.editorconfig = .editorconfig
	EndProjectSection
EndProject
Project("{FAE04EC0-301F-11D3-BF4B-00C04F79EFBC}") = "Ivao.It.WhazzupData.SDK.Tests", "tests\Ivao.It.WhazzupData.SDK.Tests\Ivao.It.WhazzupData.SDK.Tests.csproj", "{6A717151-60C1-4491-906C-E38F91C498A5}"
EndProject
Global
	GlobalSection(SolutionConfigurationPlatforms) = preSolution
		Debug|Any CPU = Debug|Any CPU
		Release|Any CPU = Release|Any CPU
	EndGlobalSection
	GlobalSection(ProjectConfigurationPlatforms) = postSolution
		{1E9537D9-E7D5-425A-85FB-86760363443D}.Debug|Any CPU.ActiveCfg = Debug|Any CPU
		{1E9537D9-E7D5-425A-85FB-86760363443D}.Debug|Any CPU.Build.0 = Debug|Any CPU
		{1E9537D9-E7D5-425A-85FB-86760363443D}.Release|Any CPU.ActiveCfg = Release|Any CPU
		{1E9537D9-E7D5-425A-85FB-86760363443D}.Release|Any CPU.Build.0 = Release|Any CPU
		{6A717151-60C1-4491-906C-E38F91C498A5}.Debug|Any CPU.ActiveCfg = Debug|Any CPU
		{6A717151-60C1-4491-906C-E38F91C498A5}.Debug|Any CPU.Build.0 = Debug|Any CPU
		{6A717151-60C1-4491-906C-E38F91C498A5}.Release|Any CPU.ActiveCfg = Release|Any CPU
		{6A717151-60C1-4491-906C-E38F91C498A5}.Release|Any CPU.Build.0 = Release|Any CPU
	EndGlobalSection
	GlobalSection(SolutionProperties) = preSolution
		HideSolutionNode = FALSE
	EndGlobalSection
	GlobalSection(NestedProjects) = preSolution
		{1E9537D9-E7D5-425A-85FB-86760363443D} = {3EE248FB-D70F-4F63-9E46-1534CF6E28B3}
		{6A717151-60C1-4491-906C-E38F91C498A5} = {F88F17D4-08C9-4AF7-BFFC-5069794A7B2F}
	EndGlobalSection
	GlobalSection(ExtensibilityGlobals) = postSolution
		SolutionGuid = {419146C2-CA53-4424-9B3C-79DA091BDCB7}
	EndGlobalSection
EndGlobal
